
Microsoft Visual Studio Solution File, Format Version 12.00
# Visual Studio Version 16
VisualStudioVersion = 16.0.31605.320
MinimumVisualStudioVersion = 10.0.40219.1
Project("{FAE04EC0-301F-11D3-BF4B-00C04F79EFBC}") = "WEB API using TDD", "WEB API using TDD\WEB API using TDD.csproj", "{76F42817-EF69-49C8-B74E-B49D4295DE3E}"
EndProject
Project("{FAE04EC0-301F-11D3-BF4B-00C04F79EFBC}") = "Tests", "Tests\Tests.csproj", "{798043C9-736F-4D7F-AC96-F916B7F93D79}"
EndProject
Global
	GlobalSection(SolutionConfigurationPlatforms) = preSolution
		Debug|Any CPU = Debug|Any CPU
		Release|Any CPU = Release|Any CPU
	EndGlobalSection
	GlobalSection(ProjectConfigurationPlatforms) = postSolution
		{76F42817-EF69-49C8-B74E-B49D4295DE3E}.Debug|Any CPU.ActiveCfg = Debug|Any CPU
		{76F42817-EF69-49C8-B74E-B49D4295DE3E}.Debug|Any CPU.Build.0 = Debug|Any CPU
		{76F42817-EF69-49C8-B74E-B49D4295DE3E}.Release|Any CPU.ActiveCfg = Release|Any CPU
		{76F42817-EF69-49C8-B74E-B49D4295DE3E}.Release|Any CPU.Build.0 = Release|Any CPU
		{798043C9-736F-4D7F-AC96-F916B7F93D79}.Debug|Any CPU.ActiveCfg = Debug|Any CPU
		{798043C9-736F-4D7F-AC96-F916B7F93D79}.Debug|Any CPU.Build.0 = Debug|Any CPU
		{798043C9-736F-4D7F-AC96-F916B7F93D79}.Release|Any CPU.ActiveCfg = Release|Any CPU
		{798043C9-736F-4D7F-AC96-F916B7F93D79}.Release|Any CPU.Build.0 = Release|Any CPU
	EndGlobalSection
	GlobalSection(SolutionProperties) = preSolution
		HideSolutionNode = FALSE
	EndGlobalSection
	GlobalSection(ExtensibilityGlobals) = postSolution
		SolutionGuid = {2EC7A647-FCE7-471F-80AD-80A077DC7513}
	EndGlobalSection
EndGlobal
